
Microsoft Visual Studio Solution File, Format Version 12.00
# Visual Studio Version 17
VisualStudioVersion = 17.11.35208.52
MinimumVisualStudioVersion = 10.0.40219.1
Project("{9A19103F-16F7-4668-BE54-9A1E7A4F7556}") = "Withdraw.Cash.Api", "Withdraw.Cash.Api\Withdraw.Cash.Api.csproj", "{52DEA482-06AA-4FB9-999A-2D58CC473BB5}"
EndProject
Project("{9A19103F-16F7-4668-BE54-9A1E7A4F7556}") = "Withdraw.Cash.Contracts", "Withdraw.Cash.Contracts\Withdraw.Cash.Contracts.csproj", "{868BA9A5-F3A3-4446-8191-2F316A09716F}"
EndProject
Project("{9A19103F-16F7-4668-BE54-9A1E7A4F7556}") = "Withdraw.Cash.Domain", "Withdraw.Cash.Domain\Withdraw.Cash.Domain.csproj", "{398D5882-23BD-46E5-A329-CE13049055E9}"
EndProject
Project("{9A19103F-16F7-4668-BE54-9A1E7A4F7556}") = "Withdraw.Cash.Application", "Withdraw.Cash.Application\Withdraw.Cash.Application.csproj", "{A0F22B11-11A2-405F-8CA2-39BF4C280DD4}"
EndProject
Global
	GlobalSection(SolutionConfigurationPlatforms) = preSolution
		Debug|Any CPU = Debug|Any CPU
		Release|Any CPU = Release|Any CPU
	EndGlobalSection
	GlobalSection(ProjectConfigurationPlatforms) = postSolution
		{52DEA482-06AA-4FB9-999A-2D58CC473BB5}.Debug|Any CPU.ActiveCfg = Debug|Any CPU
		{52DEA482-06AA-4FB9-999A-2D58CC473BB5}.Debug|Any CPU.Build.0 = Debug|Any CPU
		{52DEA482-06AA-4FB9-999A-2D58CC473BB5}.Release|Any CPU.ActiveCfg = Release|Any CPU
		{52DEA482-06AA-4FB9-999A-2D58CC473BB5}.Release|Any CPU.Build.0 = Release|Any CPU
		{868BA9A5-F3A3-4446-8191-2F316A09716F}.Debug|Any CPU.ActiveCfg = Debug|Any CPU
		{868BA9A5-F3A3-4446-8191-2F316A09716F}.Debug|Any CPU.Build.0 = Debug|Any CPU
		{868BA9A5-F3A3-4446-8191-2F316A09716F}.Release|Any CPU.ActiveCfg = Release|Any CPU
		{868BA9A5-F3A3-4446-8191-2F316A09716F}.Release|Any CPU.Build.0 = Release|Any CPU
		{398D5882-23BD-46E5-A329-CE13049055E9}.Debug|Any CPU.ActiveCfg = Debug|Any CPU
		{398D5882-23BD-46E5-A329-CE13049055E9}.Debug|Any CPU.Build.0 = Debug|Any CPU
		{398D5882-23BD-46E5-A329-CE13049055E9}.Release|Any CPU.ActiveCfg = Release|Any CPU
		{398D5882-23BD-46E5-A329-CE13049055E9}.Release|Any CPU.Build.0 = Release|Any CPU
		{A0F22B11-11A2-405F-8CA2-39BF4C280DD4}.Debug|Any CPU.ActiveCfg = Debug|Any CPU
		{A0F22B11-11A2-405F-8CA2-39BF4C280DD4}.Debug|Any CPU.Build.0 = Debug|Any CPU
		{A0F22B11-11A2-405F-8CA2-39BF4C280DD4}.Release|Any CPU.ActiveCfg = Release|Any CPU
		{A0F22B11-11A2-405F-8CA2-39BF4C280DD4}.Release|Any CPU.Build.0 = Release|Any CPU
	EndGlobalSection
	GlobalSection(SolutionProperties) = preSolution
		HideSolutionNode = FALSE
	EndGlobalSection
	GlobalSection(ExtensibilityGlobals) = postSolution
		SolutionGuid = {5BE20CDC-5B58-466D-90CC-EDBE5513F79D}
	EndGlobalSection
EndGlobal
